// !$*UTF8*$!
{
	archiveVersion = 1;
	classes = {
	};
	objectVersion = 77;
	objects = {

/* Begin PBXBuildFile section */
		0163D6715239BF30AE8708D8 /* Logger.swift in Sources */ = {isa = PBXBuildFile; fileRef = 3CB795FD1DE244D5D24C6B1C /* Logger.swift */; };
		03A6ABD205F7374E1657D70F /* BrowserDetector.swift in Sources */ = {isa = PBXBuildFile; fileRef = C04C9463C9B4C28CD7DBF298 /* BrowserDetector.swift */; };
		082FD1C3D24CF9B3DF5F4B73 /* Assets.xcassets in Resources */ = {isa = PBXBuildFile; fileRef = 1F53ECFF56533673400B1105 /* Assets.xcassets */; };
		09C2C42D2E05479AC5FACBF0 /* AppsSettingsView.swift in Sources */ = {isa = PBXBuildFile; fileRef = 264E63E168650F465B84E907 /* AppsSettingsView.swift */; };
		0A33D2BBB997B5E41111A10B /* FaviconManager.swift in Sources */ = {isa = PBXBuildFile; fileRef = 6EE2C239703CCAA2E3C464E0 /* FaviconManager.swift */; };
		128EF0CC32337B08BEFEA264 /* LaunchAtLogin in Frameworks */ = {isa = PBXBuildFile; productRef = A0E486996E9DE38D851F91A6 /* LaunchAtLogin */; };
		13F524943A7E3DA7636437C1 /* SettingsView.swift in Sources */ = {isa = PBXBuildFile; fileRef = 7C5D53588C9BA3889415BA12 /* SettingsView.swift */; };
		14415DB6462A4F6F64D591EA /* SettingsStorage.swift in Sources */ = {isa = PBXBuildFile; fileRef = 72824A9D19EEBFC04EC6F0D4 /* SettingsStorage.swift */; };
		1503232BF0115C1B438BA0B6 /* AppDefinition.swift in Sources */ = {isa = PBXBuildFile; fileRef = 59E693DE5942139A67A1B87D /* AppDefinition.swift */; };
		2322689BCDBC76A5D96E63FE /* LinkMetadataManager.swift in Sources */ = {isa = PBXBuildFile; fileRef = 2140F3CBD471F885F5632C87 /* LinkMetadataManager.swift */; };
		2426EF9B2402526FAA7F74FE /* ProfileDetector.swift in Sources */ = {isa = PBXBuildFile; fileRef = 2906C0DDC49483DB6B1BDFEF /* ProfileDetector.swift */; };
		2C60236CC64B85E15527F7C9 /* URLRuleMatcher.swift in Sources */ = {isa = PBXBuildFile; fileRef = 03A4FC0564FB1087FBB64389 /* URLRuleMatcher.swift */; };
		2FD6EB21707A2B69F4806C54 /* FaviconView.swift in Sources */ = {isa = PBXBuildFile; fileRef = 36772612DD6BF8326CDF0330 /* FaviconView.swift */; };
		32606BF75E8AFF194C9DCCF5 /* GeneralSettingsView.swift in Sources */ = {isa = PBXBuildFile; fileRef = 63AED79B785DD15CEE39A472 /* GeneralSettingsView.swift */; };
		48A29D538BDDE0C9C84D4991 /* AppDetector.swift in Sources */ = {isa = PBXBuildFile; fileRef = 7C18E301F6F8EA0AACA163D7 /* AppDetector.swift */; };
		4BBB8BE2573EDE0AC3C2BCEF /* ManagerEnvironment.swift in Sources */ = {isa = PBXBuildFile; fileRef = 66A984B259BEAA75E702D814 /* ManagerEnvironment.swift */; };
		4FABC8FA1EE2F75D3D8F125B /* BrowserCatApp.swift in Sources */ = {isa = PBXBuildFile; fileRef = FAC287980C0A32719AD28551 /* BrowserCatApp.swift */; };
		5F23D60EC26296251C82EF7F /* RuleEditorSheet.swift in Sources */ = {isa = PBXBuildFile; fileRef = AAD02DB18B09EEEDF904B7B0 /* RuleEditorSheet.swift */; };
		63E76A6F8555A49D6F8DB344 /* BrowserManager.swift in Sources */ = {isa = PBXBuildFile; fileRef = 6381ABCC2D1D930571D164EA /* BrowserManager.swift */; };
		6CBA17EC7E167951E0A566FD /* AppManager.swift in Sources */ = {isa = PBXBuildFile; fileRef = 1FEDCE78D31C37DE0512449E /* AppManager.swift */; };
		6F07F9EB2F97B3BDB77D7272 /* URLBar.swift in Sources */ = {isa = PBXBuildFile; fileRef = B2F58A10AE122711CA18CFCC /* URLBar.swift */; };
		71B0FC9DF2CB2325A4EC1531 /* MenuBarContentView.swift in Sources */ = {isa = PBXBuildFile; fileRef = D53412ED3D36A36EB74572E2 /* MenuBarContentView.swift */; };
		72017291AF4DF333D2271C79 /* AboutSettingsView.swift in Sources */ = {isa = PBXBuildFile; fileRef = 9D51BBF8B8D0CAAEB1CE7E42 /* AboutSettingsView.swift */; };
		8072A141376ABD71A9042FE7 /* AppState.swift in Sources */ = {isa = PBXBuildFile; fileRef = 49935385F6579EE0B58C7844 /* AppState.swift */; };
		8DF04712689387C65E1BAC74 /* InstalledBrowser.swift in Sources */ = {isa = PBXBuildFile; fileRef = 97F5D838F4BF991EB6612E7E /* InstalledBrowser.swift */; };
		8E23EF9A09F33B028865D7DE /* URLRulesManager.swift in Sources */ = {isa = PBXBuildFile; fileRef = 395FF2D0B44BD244485F5EC5 /* URLRulesManager.swift */; };
		8E681B79A4D2B4B628A7007A /* Pow in Frameworks */ = {isa = PBXBuildFile; productRef = 9FD3A22C3EBE079A14313E6F /* Pow */; };
		98F84BA6379E8BC20185067F /* PickerCoordinator.swift in Sources */ = {isa = PBXBuildFile; fileRef = ECD4C0B4D581484237336DAD /* PickerCoordinator.swift */; };
		99701F6BDE7415894B08D16E /* HistorySettingsView.swift in Sources */ = {isa = PBXBuildFile; fileRef = 2DE43AE24071530F1A30646F /* HistorySettingsView.swift */; };
		A72C28E511EE9FAB7675DA4A /* BrowserDefinition.swift in Sources */ = {isa = PBXBuildFile; fileRef = FD47656D0F5910C589FA1DE6 /* BrowserDefinition.swift */; };
		A72CD738074DC109EF21C7EE /* PickerView.swift in Sources */ = {isa = PBXBuildFile; fileRef = 1CF03F001F36CAF948D04A9A /* PickerView.swift */; };
		AC29BAD9B762B13D72D93E71 /* HistoryEntry.swift in Sources */ = {isa = PBXBuildFile; fileRef = E21B4E8F64A06EFD6A210EE0 /* HistoryEntry.swift */; };
		AE5267C09AFCD8B28D4E861B /* InstalledApp.swift in Sources */ = {isa = PBXBuildFile; fileRef = A070C41E401B5290F413D575 /* InstalledApp.swift */; };
		B482CDE77A72210D26B23113 /* DefaultBrowserManager.swift in Sources */ = {isa = PBXBuildFile; fileRef = 4D511486B8EA914A2F76A225 /* DefaultBrowserManager.swift */; };
		D00F9F85C3A789A93BEF1069 /* BrowserLauncher.swift in Sources */ = {isa = PBXBuildFile; fileRef = E2CEBA310FF69A96215A582E /* BrowserLauncher.swift */; };
		D629FA60490C790D1B5456F0 /* PickerWindowController.swift in Sources */ = {isa = PBXBuildFile; fileRef = EEF8BB98FDD7A8D095240092 /* PickerWindowController.swift */; };
		D9257E5E8BE83464011106C8 /* RulesSettingsView.swift in Sources */ = {isa = PBXBuildFile; fileRef = C1B4F66F267068C177056650 /* RulesSettingsView.swift */; };
		DCA3D7431055DB8569224BA7 /* AppDelegate.swift in Sources */ = {isa = PBXBuildFile; fileRef = A957F8E312EE8E0A6C94BB59 /* AppDelegate.swift */; };
		E5FE06FA2FDA35544BCF5CB0 /* ProfilePopover.swift in Sources */ = {isa = PBXBuildFile; fileRef = 3BA6AE8E5837D6A8E05FED7E /* ProfilePopover.swift */; };
		E625C798F01739C5B757762E /* URLRule.swift in Sources */ = {isa = PBXBuildFile; fileRef = CE940AF4C35B26D2C863C7CA /* URLRule.swift */; };
		E6E59E083C3F8D168B90FBD6 /* BrowserCell.swift in Sources */ = {isa = PBXBuildFile; fileRef = B05C80F13D979371092C2F3E /* BrowserCell.swift */; };
		E76DF418EF9630B8D7BE42F1 /* HistoryManager.swift in Sources */ = {isa = PBXBuildFile; fileRef = 99F43DC08E2F435561C5BEB9 /* HistoryManager.swift */; };
		E9C642EB671DE2D84C8A01D7 /* KeyCodeMap.swift in Sources */ = {isa = PBXBuildFile; fileRef = C9E3FFF76BD4FD6319E53170 /* KeyCodeMap.swift */; };
		EDACB3185EDF58AA90C4C20E /* HotkeyTarget.swift in Sources */ = {isa = PBXBuildFile; fileRef = C6EEE6A38B995003FD9ABF3C /* HotkeyTarget.swift */; };
		F17A3560F3BCEA64EC836066 /* BrowserProfile.swift in Sources */ = {isa = PBXBuildFile; fileRef = D498C8270D3821EBE2FB800B /* BrowserProfile.swift */; };
		F31A76A313386F1F98854DC2 /* HotkeyRecorder.swift in Sources */ = {isa = PBXBuildFile; fileRef = 15D579EEA70DF8B2B9A28E59 /* HotkeyRecorder.swift */; };
/* End PBXBuildFile section */

/* Begin PBXFileReference section */
		03A4FC0564FB1087FBB64389 /* URLRuleMatcher.swift */ = {isa = PBXFileReference; lastKnownFileType = sourcecode.swift; path = URLRuleMatcher.swift; sourceTree = "<group>"; };
		0D0C74B37E60FEDC7A931995 /* BrowserCat.app */ = {isa = PBXFileReference; explicitFileType = wrapper.application; includeInIndex = 0; path = BrowserCat.app; sourceTree = BUILT_PRODUCTS_DIR; };
		15D579EEA70DF8B2B9A28E59 /* HotkeyRecorder.swift */ = {isa = PBXFileReference; lastKnownFileType = sourcecode.swift; path = HotkeyRecorder.swift; sourceTree = "<group>"; };
		1CF03F001F36CAF948D04A9A /* PickerView.swift */ = {isa = PBXFileReference; lastKnownFileType = sourcecode.swift; path = PickerView.swift; sourceTree = "<group>"; };
		1F53ECFF56533673400B1105 /* Assets.xcassets */ = {isa = PBXFileReference; lastKnownFileType = folder.assetcatalog; path = Assets.xcassets; sourceTree = "<group>"; };
		1FEDCE78D31C37DE0512449E /* AppManager.swift */ = {isa = PBXFileReference; lastKnownFileType = sourcecode.swift; path = AppManager.swift; sourceTree = "<group>"; };
		2140F3CBD471F885F5632C87 /* LinkMetadataManager.swift */ = {isa = PBXFileReference; lastKnownFileType = sourcecode.swift; path = LinkMetadataManager.swift; sourceTree = "<group>"; };
		264E63E168650F465B84E907 /* AppsSettingsView.swift */ = {isa = PBXFileReference; lastKnownFileType = sourcecode.swift; path = AppsSettingsView.swift; sourceTree = "<group>"; };
		2906C0DDC49483DB6B1BDFEF /* ProfileDetector.swift */ = {isa = PBXFileReference; lastKnownFileType = sourcecode.swift; path = ProfileDetector.swift; sourceTree = "<group>"; };
		2DE43AE24071530F1A30646F /* HistorySettingsView.swift */ = {isa = PBXFileReference; lastKnownFileType = sourcecode.swift; path = HistorySettingsView.swift; sourceTree = "<group>"; };
		36772612DD6BF8326CDF0330 /* FaviconView.swift */ = {isa = PBXFileReference; lastKnownFileType = sourcecode.swift; path = FaviconView.swift; sourceTree = "<group>"; };
		395FF2D0B44BD244485F5EC5 /* URLRulesManager.swift */ = {isa = PBXFileReference; lastKnownFileType = sourcecode.swift; path = URLRulesManager.swift; sourceTree = "<group>"; };
		3BA6AE8E5837D6A8E05FED7E /* ProfilePopover.swift */ = {isa = PBXFileReference; lastKnownFileType = sourcecode.swift; path = ProfilePopover.swift; sourceTree = "<group>"; };
		3CB795FD1DE244D5D24C6B1C /* Logger.swift */ = {isa = PBXFileReference; lastKnownFileType = sourcecode.swift; path = Logger.swift; sourceTree = "<group>"; };
		40759059FBEC29D26C857797 /* Debug.xcconfig */ = {isa = PBXFileReference; lastKnownFileType = text.xcconfig; path = Debug.xcconfig; sourceTree = "<group>"; };
		47C5F2377087FF4CEF1668D3 /* BrowserCat.entitlements */ = {isa = PBXFileReference; lastKnownFileType = text.plist.entitlements; path = BrowserCat.entitlements; sourceTree = "<group>"; };
		49935385F6579EE0B58C7844 /* AppState.swift */ = {isa = PBXFileReference; lastKnownFileType = sourcecode.swift; path = AppState.swift; sourceTree = "<group>"; };
		4D511486B8EA914A2F76A225 /* DefaultBrowserManager.swift */ = {isa = PBXFileReference; lastKnownFileType = sourcecode.swift; path = DefaultBrowserManager.swift; sourceTree = "<group>"; };
		59E693DE5942139A67A1B87D /* AppDefinition.swift */ = {isa = PBXFileReference; lastKnownFileType = sourcecode.swift; path = AppDefinition.swift; sourceTree = "<group>"; };
		6381ABCC2D1D930571D164EA /* BrowserManager.swift */ = {isa = PBXFileReference; lastKnownFileType = sourcecode.swift; path = BrowserManager.swift; sourceTree = "<group>"; };
		63AED79B785DD15CEE39A472 /* GeneralSettingsView.swift */ = {isa = PBXFileReference; lastKnownFileType = sourcecode.swift; path = GeneralSettingsView.swift; sourceTree = "<group>"; };
		66A984B259BEAA75E702D814 /* ManagerEnvironment.swift */ = {isa = PBXFileReference; lastKnownFileType = sourcecode.swift; path = ManagerEnvironment.swift; sourceTree = "<group>"; };
		6EE2C239703CCAA2E3C464E0 /* FaviconManager.swift */ = {isa = PBXFileReference; lastKnownFileType = sourcecode.swift; path = FaviconManager.swift; sourceTree = "<group>"; };
		72824A9D19EEBFC04EC6F0D4 /* SettingsStorage.swift */ = {isa = PBXFileReference; lastKnownFileType = sourcecode.swift; path = SettingsStorage.swift; sourceTree = "<group>"; };
		7C18E301F6F8EA0AACA163D7 /* AppDetector.swift */ = {isa = PBXFileReference; lastKnownFileType = sourcecode.swift; path = AppDetector.swift; sourceTree = "<group>"; };
		7C5D53588C9BA3889415BA12 /* SettingsView.swift */ = {isa = PBXFileReference; lastKnownFileType = sourcecode.swift; path = SettingsView.swift; sourceTree = "<group>"; };
		97F5D838F4BF991EB6612E7E /* InstalledBrowser.swift */ = {isa = PBXFileReference; lastKnownFileType = sourcecode.swift; path = InstalledBrowser.swift; sourceTree = "<group>"; };
		99F43DC08E2F435561C5BEB9 /* HistoryManager.swift */ = {isa = PBXFileReference; lastKnownFileType = sourcecode.swift; path = HistoryManager.swift; sourceTree = "<group>"; };
		9D51BBF8B8D0CAAEB1CE7E42 /* AboutSettingsView.swift */ = {isa = PBXFileReference; lastKnownFileType = sourcecode.swift; path = AboutSettingsView.swift; sourceTree = "<group>"; };
		A070C41E401B5290F413D575 /* InstalledApp.swift */ = {isa = PBXFileReference; lastKnownFileType = sourcecode.swift; path = InstalledApp.swift; sourceTree = "<group>"; };
		A1C4DFF9C7A6EAE8E7F2AF42 /* Info.plist */ = {isa = PBXFileReference; lastKnownFileType = text.plist; path = Info.plist; sourceTree = "<group>"; };
		A957F8E312EE8E0A6C94BB59 /* AppDelegate.swift */ = {isa = PBXFileReference; lastKnownFileType = sourcecode.swift; path = AppDelegate.swift; sourceTree = "<group>"; };
		AAD02DB18B09EEEDF904B7B0 /* RuleEditorSheet.swift */ = {isa = PBXFileReference; lastKnownFileType = sourcecode.swift; path = RuleEditorSheet.swift; sourceTree = "<group>"; };
		B05C80F13D979371092C2F3E /* BrowserCell.swift */ = {isa = PBXFileReference; lastKnownFileType = sourcecode.swift; path = BrowserCell.swift; sourceTree = "<group>"; };
		B2F58A10AE122711CA18CFCC /* URLBar.swift */ = {isa = PBXFileReference; lastKnownFileType = sourcecode.swift; path = URLBar.swift; sourceTree = "<group>"; };
		C04C9463C9B4C28CD7DBF298 /* BrowserDetector.swift */ = {isa = PBXFileReference; lastKnownFileType = sourcecode.swift; path = BrowserDetector.swift; sourceTree = "<group>"; };
		C1B4F66F267068C177056650 /* RulesSettingsView.swift */ = {isa = PBXFileReference; lastKnownFileType = sourcecode.swift; path = RulesSettingsView.swift; sourceTree = "<group>"; };
		C6EEE6A38B995003FD9ABF3C /* HotkeyTarget.swift */ = {isa = PBXFileReference; lastKnownFileType = sourcecode.swift; path = HotkeyTarget.swift; sourceTree = "<group>"; };
		C9E3FFF76BD4FD6319E53170 /* KeyCodeMap.swift */ = {isa = PBXFileReference; lastKnownFileType = sourcecode.swift; path = KeyCodeMap.swift; sourceTree = "<group>"; };
		CE940AF4C35B26D2C863C7CA /* URLRule.swift */ = {isa = PBXFileReference; lastKnownFileType = sourcecode.swift; path = URLRule.swift; sourceTree = "<group>"; };
		D173F342AC57BD04850659B9 /* Release.xcconfig */ = {isa = PBXFileReference; lastKnownFileType = text.xcconfig; path = Release.xcconfig; sourceTree = "<group>"; };
		D498C8270D3821EBE2FB800B /* BrowserProfile.swift */ = {isa = PBXFileReference; lastKnownFileType = sourcecode.swift; path = BrowserProfile.swift; sourceTree = "<group>"; };
		D53412ED3D36A36EB74572E2 /* MenuBarContentView.swift */ = {isa = PBXFileReference; lastKnownFileType = sourcecode.swift; path = MenuBarContentView.swift; sourceTree = "<group>"; };
		E21B4E8F64A06EFD6A210EE0 /* HistoryEntry.swift */ = {isa = PBXFileReference; lastKnownFileType = sourcecode.swift; path = HistoryEntry.swift; sourceTree = "<group>"; };
		E2CEBA310FF69A96215A582E /* BrowserLauncher.swift */ = {isa = PBXFileReference; lastKnownFileType = sourcecode.swift; path = BrowserLauncher.swift; sourceTree = "<group>"; };
		ECD4C0B4D581484237336DAD /* PickerCoordinator.swift */ = {isa = PBXFileReference; lastKnownFileType = sourcecode.swift; path = PickerCoordinator.swift; sourceTree = "<group>"; };
		EEF8BB98FDD7A8D095240092 /* PickerWindowController.swift */ = {isa = PBXFileReference; lastKnownFileType = sourcecode.swift; path = PickerWindowController.swift; sourceTree = "<group>"; };
		FAC287980C0A32719AD28551 /* BrowserCatApp.swift */ = {isa = PBXFileReference; lastKnownFileType = sourcecode.swift; path = BrowserCatApp.swift; sourceTree = "<group>"; };
		FD47656D0F5910C589FA1DE6 /* BrowserDefinition.swift */ = {isa = PBXFileReference; lastKnownFileType = sourcecode.swift; path = BrowserDefinition.swift; sourceTree = "<group>"; };
/* End PBXFileReference section */

/* Begin PBXFrameworksBuildPhase section */
		C9780D9645FD509EF60E0AB4 /* Frameworks */ = {
			isa = PBXFrameworksBuildPhase;
			buildActionMask = 2147483647;
			files = (
				128EF0CC32337B08BEFEA264 /* LaunchAtLogin in Frameworks */,
				8E681B79A4D2B4B628A7007A /* Pow in Frameworks */,
			);
			runOnlyForDeploymentPostprocessing = 0;
		};
/* End PBXFrameworksBuildPhase section */

/* Begin PBXGroup section */
		061BA2B26954ACF8F368421D /* Features */ = {
			isa = PBXGroup;
			children = (
				7906F216A2BB531FD0C8FF06 /* Common */,
				CD6DA4ED761C6B84358264BF /* MenuBar */,
				B936B00B2A726CADD31AA598 /* Picker */,
				FE77B0F45A318AE12CDE3FE2 /* Settings */,
			);
			path = Features;
			sourceTree = "<group>";
		};
		0A2408D5B59920FC8AF93915 /* Models */ = {
			isa = PBXGroup;
			children = (
				59E693DE5942139A67A1B87D /* AppDefinition.swift */,
				FD47656D0F5910C589FA1DE6 /* BrowserDefinition.swift */,
				D498C8270D3821EBE2FB800B /* BrowserProfile.swift */,
				E21B4E8F64A06EFD6A210EE0 /* HistoryEntry.swift */,
				C6EEE6A38B995003FD9ABF3C /* HotkeyTarget.swift */,
				A070C41E401B5290F413D575 /* InstalledApp.swift */,
				97F5D838F4BF991EB6612E7E /* InstalledBrowser.swift */,
				C9E3FFF76BD4FD6319E53170 /* KeyCodeMap.swift */,
				CE940AF4C35B26D2C863C7CA /* URLRule.swift */,
			);
			path = Models;
			sourceTree = "<group>";
		};
		0B8A3AFC0131122DD6FA9BF5 /* Resources */ = {
			isa = PBXGroup;
			children = (
				1F53ECFF56533673400B1105 /* Assets.xcassets */,
				47C5F2377087FF4CEF1668D3 /* BrowserCat.entitlements */,
				A1C4DFF9C7A6EAE8E7F2AF42 /* Info.plist */,
			);
			path = Resources;
			sourceTree = "<group>";
		};
		21345C93C8EA25D30D4AC7CD /* Config */ = {
			isa = PBXGroup;
			children = (
				40759059FBEC29D26C857797 /* Debug.xcconfig */,
				D173F342AC57BD04850659B9 /* Release.xcconfig */,
			);
			path = Config;
			sourceTree = "<group>";
		};
		3FDAAF1D9B8B3C27BB5FB609 /* Managers */ = {
			isa = PBXGroup;
			children = (
				1FEDCE78D31C37DE0512449E /* AppManager.swift */,
				6381ABCC2D1D930571D164EA /* BrowserManager.swift */,
				4D511486B8EA914A2F76A225 /* DefaultBrowserManager.swift */,
				6EE2C239703CCAA2E3C464E0 /* FaviconManager.swift */,
				99F43DC08E2F435561C5BEB9 /* HistoryManager.swift */,
				2140F3CBD471F885F5632C87 /* LinkMetadataManager.swift */,
				ECD4C0B4D581484237336DAD /* PickerCoordinator.swift */,
				395FF2D0B44BD244485F5EC5 /* URLRulesManager.swift */,
			);
			path = Managers;
			sourceTree = "<group>";
		};
		43174550017E636FBA0F39F9 /* Products */ = {
			isa = PBXGroup;
			children = (
				0D0C74B37E60FEDC7A931995 /* BrowserCat.app */,
			);
			name = Products;
			sourceTree = "<group>";
		};
		6E04B675574A8719C1C77979 = {
			isa = PBXGroup;
			children = (
				898ECF83F0376754352DB591 /* BrowserCat */,
				21345C93C8EA25D30D4AC7CD /* Config */,
				43174550017E636FBA0F39F9 /* Products */,
			);
			sourceTree = "<group>";
		};
		7906F216A2BB531FD0C8FF06 /* Common */ = {
			isa = PBXGroup;
			children = (
				36772612DD6BF8326CDF0330 /* FaviconView.swift */,
			);
			path = Common;
			sourceTree = "<group>";
		};
		898ECF83F0376754352DB591 /* BrowserCat */ = {
			isa = PBXGroup;
			children = (
				BDA1B5DAED80E9E86C660EB1 /* App */,
				061BA2B26954ACF8F368421D /* Features */,
				3FDAAF1D9B8B3C27BB5FB609 /* Managers */,
				0A2408D5B59920FC8AF93915 /* Models */,
				0B8A3AFC0131122DD6FA9BF5 /* Resources */,
				B4ED945DEDB7C19AFA26E103 /* Services */,
			);
			path = BrowserCat;
			sourceTree = "<group>";
		};
		B4ED945DEDB7C19AFA26E103 /* Services */ = {
			isa = PBXGroup;
			children = (
				7C18E301F6F8EA0AACA163D7 /* AppDetector.swift */,
				C04C9463C9B4C28CD7DBF298 /* BrowserDetector.swift */,
				E2CEBA310FF69A96215A582E /* BrowserLauncher.swift */,
				2906C0DDC49483DB6B1BDFEF /* ProfileDetector.swift */,
				72824A9D19EEBFC04EC6F0D4 /* SettingsStorage.swift */,
				03A4FC0564FB1087FBB64389 /* URLRuleMatcher.swift */,
			);
			path = Services;
			sourceTree = "<group>";
		};
		B936B00B2A726CADD31AA598 /* Picker */ = {
			isa = PBXGroup;
			children = (
				B05C80F13D979371092C2F3E /* BrowserCell.swift */,
				1CF03F001F36CAF948D04A9A /* PickerView.swift */,
				EEF8BB98FDD7A8D095240092 /* PickerWindowController.swift */,
				3BA6AE8E5837D6A8E05FED7E /* ProfilePopover.swift */,
				B2F58A10AE122711CA18CFCC /* URLBar.swift */,
			);
			path = Picker;
			sourceTree = "<group>";
		};
		BDA1B5DAED80E9E86C660EB1 /* App */ = {
			isa = PBXGroup;
			children = (
				A957F8E312EE8E0A6C94BB59 /* AppDelegate.swift */,
				49935385F6579EE0B58C7844 /* AppState.swift */,
				FAC287980C0A32719AD28551 /* BrowserCatApp.swift */,
				3CB795FD1DE244D5D24C6B1C /* Logger.swift */,
				66A984B259BEAA75E702D814 /* ManagerEnvironment.swift */,
			);
			path = App;
			sourceTree = "<group>";
		};
		CD6DA4ED761C6B84358264BF /* MenuBar */ = {
			isa = PBXGroup;
			children = (
				D53412ED3D36A36EB74572E2 /* MenuBarContentView.swift */,
			);
			path = MenuBar;
			sourceTree = "<group>";
		};
		FE77B0F45A318AE12CDE3FE2 /* Settings */ = {
			isa = PBXGroup;
			children = (
				9D51BBF8B8D0CAAEB1CE7E42 /* AboutSettingsView.swift */,
				264E63E168650F465B84E907 /* AppsSettingsView.swift */,
				63AED79B785DD15CEE39A472 /* GeneralSettingsView.swift */,
				2DE43AE24071530F1A30646F /* HistorySettingsView.swift */,
				15D579EEA70DF8B2B9A28E59 /* HotkeyRecorder.swift */,
				AAD02DB18B09EEEDF904B7B0 /* RuleEditorSheet.swift */,
				C1B4F66F267068C177056650 /* RulesSettingsView.swift */,
				7C5D53588C9BA3889415BA12 /* SettingsView.swift */,
			);
			path = Settings;
			sourceTree = "<group>";
		};
/* End PBXGroup section */

/* Begin PBXNativeTarget section */
		59D904B83EE49D6E2D79F284 /* BrowserCat */ = {
			isa = PBXNativeTarget;
			buildConfigurationList = 7F91A87E61514A3201B61834 /* Build configuration list for PBXNativeTarget "BrowserCat" */;
			buildPhases = (
				2F597EF5BFDCEC11B4B6D86E /* Sources */,
				3482A2C3511E3E4A9D0F12D6 /* Resources */,
				C9780D9645FD509EF60E0AB4 /* Frameworks */,
			);
			buildRules = (
			);
			dependencies = (
			);
			name = BrowserCat;
			packageProductDependencies = (
				A0E486996E9DE38D851F91A6 /* LaunchAtLogin */,
				9FD3A22C3EBE079A14313E6F /* Pow */,
			);
			productName = BrowserCat;
			productReference = 0D0C74B37E60FEDC7A931995 /* BrowserCat.app */;
			productType = "com.apple.product-type.application";
		};
/* End PBXNativeTarget section */

/* Begin PBXProject section */
		CE4B605BAC02CEF58E1C9F99 /* Project object */ = {
			isa = PBXProject;
			attributes = {
				BuildIndependentTargetsInParallel = YES;
				LastUpgradeCheck = 1500;
				TargetAttributes = {
					59D904B83EE49D6E2D79F284 = {
						DevelopmentTeam = 8JL9TM5WLG;
						ProvisioningStyle = Automatic;
					};
				};
			};
			buildConfigurationList = 10B53F472D61AEEA9860409E /* Build configuration list for PBXProject "BrowserCat" */;
			compatibilityVersion = "Xcode 14.0";
			developmentRegion = en;
			hasScannedForEncodings = 0;
			knownRegions = (
				Base,
				en,
			);
			mainGroup = 6E04B675574A8719C1C77979;
			minimizedProjectReferenceProxies = 1;
			packageReferences = (
				C4409E37D4F5E957109C5A75 /* XCRemoteSwiftPackageReference "LaunchAtLogin-Modern" */,
				7A1E71EE08EE8734B60A8E88 /* XCRemoteSwiftPackageReference "Pow" */,
			);
			preferredProjectObjectVersion = 77;
			projectDirPath = "";
			projectRoot = "";
			targets = (
				59D904B83EE49D6E2D79F284 /* BrowserCat */,
			);
		};
/* End PBXProject section */

/* Begin PBXResourcesBuildPhase section */
		3482A2C3511E3E4A9D0F12D6 /* Resources */ = {
			isa = PBXResourcesBuildPhase;
			buildActionMask = 2147483647;
			files = (
				082FD1C3D24CF9B3DF5F4B73 /* Assets.xcassets in Resources */,
			);
			runOnlyForDeploymentPostprocessing = 0;
		};
/* End PBXResourcesBuildPhase section */

/* Begin PBXSourcesBuildPhase section */
		2F597EF5BFDCEC11B4B6D86E /* Sources */ = {
			isa = PBXSourcesBuildPhase;
			buildActionMask = 2147483647;
			files = (
				72017291AF4DF333D2271C79 /* AboutSettingsView.swift in Sources */,
				1503232BF0115C1B438BA0B6 /* AppDefinition.swift in Sources */,
				DCA3D7431055DB8569224BA7 /* AppDelegate.swift in Sources */,
				48A29D538BDDE0C9C84D4991 /* AppDetector.swift in Sources */,
				6CBA17EC7E167951E0A566FD /* AppManager.swift in Sources */,
				8072A141376ABD71A9042FE7 /* AppState.swift in Sources */,
				09C2C42D2E05479AC5FACBF0 /* AppsSettingsView.swift in Sources */,
				4FABC8FA1EE2F75D3D8F125B /* BrowserCatApp.swift in Sources */,
				E6E59E083C3F8D168B90FBD6 /* BrowserCell.swift in Sources */,
				A72C28E511EE9FAB7675DA4A /* BrowserDefinition.swift in Sources */,
				03A6ABD205F7374E1657D70F /* BrowserDetector.swift in Sources */,
				D00F9F85C3A789A93BEF1069 /* BrowserLauncher.swift in Sources */,
				63E76A6F8555A49D6F8DB344 /* BrowserManager.swift in Sources */,
				F17A3560F3BCEA64EC836066 /* BrowserProfile.swift in Sources */,
				B482CDE77A72210D26B23113 /* DefaultBrowserManager.swift in Sources */,
				0A33D2BBB997B5E41111A10B /* FaviconManager.swift in Sources */,
				2FD6EB21707A2B69F4806C54 /* FaviconView.swift in Sources */,
				32606BF75E8AFF194C9DCCF5 /* GeneralSettingsView.swift in Sources */,
				AC29BAD9B762B13D72D93E71 /* HistoryEntry.swift in Sources */,
				E76DF418EF9630B8D7BE42F1 /* HistoryManager.swift in Sources */,
				99701F6BDE7415894B08D16E /* HistorySettingsView.swift in Sources */,
				F31A76A313386F1F98854DC2 /* HotkeyRecorder.swift in Sources */,
				EDACB3185EDF58AA90C4C20E /* HotkeyTarget.swift in Sources */,
				AE5267C09AFCD8B28D4E861B /* InstalledApp.swift in Sources */,
				8DF04712689387C65E1BAC74 /* InstalledBrowser.swift in Sources */,
				E9C642EB671DE2D84C8A01D7 /* KeyCodeMap.swift in Sources */,
				2322689BCDBC76A5D96E63FE /* LinkMetadataManager.swift in Sources */,
				0163D6715239BF30AE8708D8 /* Logger.swift in Sources */,
				4BBB8BE2573EDE0AC3C2BCEF /* ManagerEnvironment.swift in Sources */,
				71B0FC9DF2CB2325A4EC1531 /* MenuBarContentView.swift in Sources */,
				98F84BA6379E8BC20185067F /* PickerCoordinator.swift in Sources */,
				A72CD738074DC109EF21C7EE /* PickerView.swift in Sources */,
				D629FA60490C790D1B5456F0 /* PickerWindowController.swift in Sources */,
				2426EF9B2402526FAA7F74FE /* ProfileDetector.swift in Sources */,
				E5FE06FA2FDA35544BCF5CB0 /* ProfilePopover.swift in Sources */,
				5F23D60EC26296251C82EF7F /* RuleEditorSheet.swift in Sources */,
				D9257E5E8BE83464011106C8 /* RulesSettingsView.swift in Sources */,
				14415DB6462A4F6F64D591EA /* SettingsStorage.swift in Sources */,
				13F524943A7E3DA7636437C1 /* SettingsView.swift in Sources */,
				6F07F9EB2F97B3BDB77D7272 /* URLBar.swift in Sources */,
				E625C798F01739C5B757762E /* URLRule.swift in Sources */,
				2C60236CC64B85E15527F7C9 /* URLRuleMatcher.swift in Sources */,
				8E23EF9A09F33B028865D7DE /* URLRulesManager.swift in Sources */,
			);
			runOnlyForDeploymentPostprocessing = 0;
		};
/* End PBXSourcesBuildPhase section */

/* Begin XCBuildConfiguration section */
		269D1CB3F970D083ACDFFD25 /* Release */ = {
			isa = XCBuildConfiguration;
			baseConfigurationReference = D173F342AC57BD04850659B9 /* Release.xcconfig */;
			buildSettings = {
				ALWAYS_SEARCH_USER_PATHS = NO;
				ARCHS = "arm64 x86_64";
				CLANG_ANALYZER_NONNULL = YES;
				CLANG_ANALYZER_NUMBER_OBJECT_CONVERSION = YES_AGGRESSIVE;
				CLANG_CXX_LANGUAGE_STANDARD = "gnu++14";
				CLANG_CXX_LIBRARY = "libc++";
				CLANG_ENABLE_MODULES = YES;
				CLANG_ENABLE_OBJC_ARC = YES;
				CLANG_ENABLE_OBJC_WEAK = YES;
				CLANG_WARN_BLOCK_CAPTURE_AUTORELEASING = YES;
				CLANG_WARN_BOOL_CONVERSION = YES;
				CLANG_WARN_COMMA = YES;
				CLANG_WARN_CONSTANT_CONVERSION = YES;
				CLANG_WARN_DEPRECATED_OBJC_IMPLEMENTATIONS = YES;
				CLANG_WARN_DIRECT_OBJC_ISA_USAGE = YES_ERROR;
				CLANG_WARN_DOCUMENTATION_COMMENTS = YES;
				CLANG_WARN_EMPTY_BODY = YES;
				CLANG_WARN_ENUM_CONVERSION = YES;
				CLANG_WARN_INFINITE_RECURSION = YES;
				CLANG_WARN_INT_CONVERSION = YES;
				CLANG_WARN_NON_LITERAL_NULL_CONVERSION = YES;
				CLANG_WARN_OBJC_IMPLICIT_RETAIN_SELF = YES;
				CLANG_WARN_OBJC_LITERAL_CONVERSION = YES;
				CLANG_WARN_OBJC_ROOT_CLASS = YES_ERROR;
				CLANG_WARN_QUOTED_INCLUDE_IN_FRAMEWORK_HEADER = YES;
				CLANG_WARN_RANGE_LOOP_ANALYSIS = YES;
				CLANG_WARN_STRICT_PROTOTYPES = YES;
				CLANG_WARN_SUSPICIOUS_MOVE = YES;
				CLANG_WARN_UNGUARDED_AVAILABILITY = YES_AGGRESSIVE;
				CLANG_WARN_UNREACHABLE_CODE = YES;
				CLANG_WARN__DUPLICATE_METHOD_MATCH = YES;
				CODE_SIGN_STYLE = Automatic;
				COPY_PHASE_STRIP = NO;
				CURRENT_PROJECT_VERSION = 4;
				DEVELOPMENT_TEAM = 8JL9TM5WLG;
				ENABLE_HARDENED_RUNTIME = YES;
				ENABLE_NS_ASSERTIONS = NO;
				ENABLE_STRICT_OBJC_MSGSEND = YES;
				GCC_C_LANGUAGE_STANDARD = gnu11;
				GCC_NO_COMMON_BLOCKS = YES;
				GCC_WARN_64_TO_32_BIT_CONVERSION = YES;
				GCC_WARN_ABOUT_RETURN_TYPE = YES_ERROR;
				GCC_WARN_UNDECLARED_SELECTOR = YES;
				GCC_WARN_UNINITIALIZED_AUTOS = YES_AGGRESSIVE;
				GCC_WARN_UNUSED_FUNCTION = YES;
				GCC_WARN_UNUSED_VARIABLE = YES;
				MACOSX_DEPLOYMENT_TARGET = 14.0;
				MARKETING_VERSION = 1.3.0;
				MTL_ENABLE_DEBUG_INFO = NO;
				MTL_FAST_MATH = YES;
				ONLY_ACTIVE_ARCH = NO;
				PRODUCT_NAME = "$(TARGET_NAME)";
				SDKROOT = macosx;
				SWIFT_COMPILATION_MODE = wholemodule;
				SWIFT_VERSION = 5.0;
			};
			name = Release;
		};
		6435F46195B8618F7548243C /* Debug */ = {
			isa = XCBuildConfiguration;
			buildSettings = {
				ASSETCATALOG_COMPILER_APPICON_NAME = AppIcon;
				CODE_SIGN_ENTITLEMENTS = BrowserCat/Resources/BrowserCat.entitlements;
				COMBINE_HIDPI_IMAGES = YES;
				INFOPLIST_FILE = BrowserCat/Resources/Info.plist;
				LD_RUNPATH_SEARCH_PATHS = (
					"@executable_path/../Frameworks",
				);
				PRODUCT_BUNDLE_IDENTIFIER = ua.com.rmarinsky.browsercat.dev;
				PRODUCT_NAME = "BrowserCat DEV";
				SDKROOT = macosx;
				SWIFT_ACTIVE_COMPILATION_CONDITIONS = "DEV_BUILD DEBUG";
			};
			name = Debug;
		};
		6849813B231671F87387800C /* Release */ = {
			isa = XCBuildConfiguration;
			buildSettings = {
				ASSETCATALOG_COMPILER_APPICON_NAME = AppIcon;
				CODE_SIGN_ENTITLEMENTS = BrowserCat/Resources/BrowserCat.entitlements;
				COMBINE_HIDPI_IMAGES = YES;
				INFOPLIST_FILE = BrowserCat/Resources/Info.plist;
				LD_RUNPATH_SEARCH_PATHS = (
					"@executable_path/../Frameworks",
				);
				PRODUCT_BUNDLE_IDENTIFIER = ua.com.rmarinsky.browsercat;
				PRODUCT_NAME = BrowserCat;
				SDKROOT = macosx;
			};
			name = Release;
		};
		C0A00595BB48C92FC1ED10EC /* Debug */ = {
			isa = XCBuildConfiguration;
			baseConfigurationReference = 40759059FBEC29D26C857797 /* Debug.xcconfig */;
			buildSettings = {
				ALWAYS_SEARCH_USER_PATHS = NO;
				ARCHS = "arm64 x86_64";
				CLANG_ANALYZER_NONNULL = YES;
				CLANG_ANALYZER_NUMBER_OBJECT_CONVERSION = YES_AGGRESSIVE;
				CLANG_CXX_LANGUAGE_STANDARD = "gnu++14";
				CLANG_CXX_LIBRARY = "libc++";
				CLANG_ENABLE_MODULES = YES;
				CLANG_ENABLE_OBJC_ARC = YES;
				CLANG_ENABLE_OBJC_WEAK = YES;
				CLANG_WARN_BLOCK_CAPTURE_AUTORELEASING = YES;
				CLANG_WARN_BOOL_CONVERSION = YES;
				CLANG_WARN_COMMA = YES;
				CLANG_WARN_CONSTANT_CONVERSION = YES;
				CLANG_WARN_DEPRECATED_OBJC_IMPLEMENTATIONS = YES;
				CLANG_WARN_DIRECT_OBJC_ISA_USAGE = YES_ERROR;
				CLANG_WARN_DOCUMENTATION_COMMENTS = YES;
				CLANG_WARN_EMPTY_BODY = YES;
				CLANG_WARN_ENUM_CONVERSION = YES;
				CLANG_WARN_INFINITE_RECURSION = YES;
				CLANG_WARN_INT_CONVERSION = YES;
				CLANG_WARN_NON_LITERAL_NULL_CONVERSION = YES;
				CLANG_WARN_OBJC_IMPLICIT_RETAIN_SELF = YES;
				CLANG_WARN_OBJC_LITERAL_CONVERSION = YES;
				CLANG_WARN_OBJC_ROOT_CLASS = YES_ERROR;
				CLANG_WARN_QUOTED_INCLUDE_IN_FRAMEWORK_HEADER = YES;
				CLANG_WARN_RANGE_LOOP_ANALYSIS = YES;
				CLANG_WARN_STRICT_PROTOTYPES = YES;
				CLANG_WARN_SUSPICIOUS_MOVE = YES;
				CLANG_WARN_UNGUARDED_AVAILABILITY = YES_AGGRESSIVE;
				CLANG_WARN_UNREACHABLE_CODE = YES;
				CLANG_WARN__DUPLICATE_METHOD_MATCH = YES;
				CODE_SIGN_STYLE = Automatic;
				COPY_PHASE_STRIP = NO;
				CURRENT_PROJECT_VERSION = 4;
				DEVELOPMENT_TEAM = 8JL9TM5WLG;
				ENABLE_HARDENED_RUNTIME = YES;
				ENABLE_STRICT_OBJC_MSGSEND = YES;
				GCC_C_LANGUAGE_STANDARD = gnu11;
				GCC_DYNAMIC_NO_PIC = NO;
				GCC_NO_COMMON_BLOCKS = YES;
				GCC_PREPROCESSOR_DEFINITIONS = (
					"$(inherited)",
					"DEBUG=1",
				);
				GCC_WARN_64_TO_32_BIT_CONVERSION = YES;
				GCC_WARN_ABOUT_RETURN_TYPE = YES_ERROR;
				GCC_WARN_UNDECLARED_SELECTOR = YES;
				GCC_WARN_UNINITIALIZED_AUTOS = YES_AGGRESSIVE;
				GCC_WARN_UNUSED_FUNCTION = YES;
				GCC_WARN_UNUSED_VARIABLE = YES;
				MACOSX_DEPLOYMENT_TARGET = 14.0;
				MARKETING_VERSION = 1.3.0;
				MTL_ENABLE_DEBUG_INFO = INCLUDE_SOURCE;
				MTL_FAST_MATH = YES;
				ONLY_ACTIVE_ARCH = YES;
				PRODUCT_NAME = "$(TARGET_NAME)";
				SDKROOT = macosx;
				SWIFT_ACTIVE_COMPILATION_CONDITIONS = DEBUG;
				SWIFT_VERSION = 5.0;
			};
			name = Debug;
		};
/* End XCBuildConfiguration section */

/* Begin XCConfigurationList section */
		10B53F472D61AEEA9860409E /* Build configuration list for PBXProject "BrowserCat" */ = {
			isa = XCConfigurationList;
			buildConfigurations = (
				C0A00595BB48C92FC1ED10EC /* Debug */,
				269D1CB3F970D083ACDFFD25 /* Release */,
			);
			defaultConfigurationIsVisible = 0;
			defaultConfigurationName = Debug;
		};
		7F91A87E61514A3201B61834 /* Build configuration list for PBXNativeTarget "BrowserCat" */ = {
			isa = XCConfigurationList;
			buildConfigurations = (
				6435F46195B8618F7548243C /* Debug */,
				6849813B231671F87387800C /* Release */,
			);
			defaultConfigurationIsVisible = 0;
			defaultConfigurationName = Debug;
		};
/* End XCConfigurationList section */

/* Begin XCRemoteSwiftPackageReference section */
		7A1E71EE08EE8734B60A8E88 /* XCRemoteSwiftPackageReference "Pow" */ = {
			isa = XCRemoteSwiftPackageReference;
			repositoryURL = "https://github.com/EmergeTools/Pow";
			requirement = {
				kind = upToNextMajorVersion;
				minimumVersion = 1.0.0;
			};
		};
		C4409E37D4F5E957109C5A75 /* XCRemoteSwiftPackageReference "LaunchAtLogin-Modern" */ = {
			isa = XCRemoteSwiftPackageReference;
			repositoryURL = "https://github.com/sindresorhus/LaunchAtLogin-Modern";
			requirement = {
				kind = upToNextMajorVersion;
				minimumVersion = 1.0.0;
			};
		};
/* End XCRemoteSwiftPackageReference section */

/* Begin XCSwiftPackageProductDependency section */
		9FD3A22C3EBE079A14313E6F /* Pow */ = {
			isa = XCSwiftPackageProductDependency;
			package = 7A1E71EE08EE8734B60A8E88 /* XCRemoteSwiftPackageReference "Pow" */;
			productName = Pow;
		};
		A0E486996E9DE38D851F91A6 /* LaunchAtLogin */ = {
			isa = XCSwiftPackageProductDependency;
			package = C4409E37D4F5E957109C5A75 /* XCRemoteSwiftPackageReference "LaunchAtLogin-Modern" */;
			productName = LaunchAtLogin;
		};
/* End XCSwiftPackageProductDependency section */
	};
	rootObject = CE4B605BAC02CEF58E1C9F99 /* Project object */;
}
